
Microsoft Visual Studio Solution File, Format Version 12.00
# Visual Studio Version 16
VisualStudioVersion = 16.0.31205.134
MinimumVisualStudioVersion = 10.0.40219.1
Project("{FAE04EC0-301F-11D3-BF4B-00C04F79EFBC}") = "SpaceConsole", "SpaceConsole\SpaceConsole.csproj", "{FFD84709-7062-4531-BC90-1EF859FAA27B}"
EndProject
Global
	GlobalSection(SolutionConfigurationPlatforms) = preSolution
		Debug|Any CPU = Debug|Any CPU
		Release|Any CPU = Release|Any CPU
	EndGlobalSection
	GlobalSection(ProjectConfigurationPlatforms) = postSolution
		{FFD84709-7062-4531-BC90-1EF859FAA27B}.Debug|Any CPU.ActiveCfg = Debug|Any CPU
		{FFD84709-7062-4531-BC90-1EF859FAA27B}.Debug|Any CPU.Build.0 = Debug|Any CPU
		{FFD84709-7062-4531-BC90-1EF859FAA27B}.Release|Any CPU.ActiveCfg = Release|Any CPU
		{FFD84709-7062-4531-BC90-1EF859FAA27B}.Release|Any CPU.Build.0 = Release|Any CPU
	EndGlobalSection
	GlobalSection(SolutionProperties) = preSolution
		HideSolutionNode = FALSE
	EndGlobalSection
	GlobalSection(ExtensibilityGlobals) = postSolution
		SolutionGuid = {DFF99AFC-354C-4A18-B419-AE3037DFD1B7}
	EndGlobalSection
EndGlobal
